
Microsoft Visual Studio Solution File, Format Version 12.00
# Visual Studio Version 17
VisualStudioVersion = 17.11.35312.102
MinimumVisualStudioVersion = 10.0.40219.1
Project("{9A19103F-16F7-4668-BE54-9A1E7A4F7556}") = "AM.UI.Console", "AM.UI.Console\AM.UI.Console.csproj", "{DE90D7FC-65E7-4A59-8634-7C7FCBAC39D2}"
EndProject
Project("{9A19103F-16F7-4668-BE54-9A1E7A4F7556}") = "AM.ApplicationCore", "AM.ApplicationCore\AM.ApplicationCore.csproj", "{621C496D-EAB2-49A0-B655-A21516787485}"
EndProject
Project("{FAE04EC0-301F-11D3-BF4B-00C04F79EFBC}") = "AM.Core.Services", "AM.Core.Services\AM.Core.Services.csproj", "{C3E885F8-F7CE-4357-B908-63E880AA8853}"
EndProject
Project("{FAE04EC0-301F-11D3-BF4B-00C04F79EFBC}") = "AM.Data", "AM.Data\AM.Data.csproj", "{E765D73A-AC0A-493B-96ED-BBEBE08A3940}"
EndProject
Global
	GlobalSection(SolutionConfigurationPlatforms) = preSolution
		Debug|Any CPU = Debug|Any CPU
		Release|Any CPU = Release|Any CPU
	EndGlobalSection
	GlobalSection(ProjectConfigurationPlatforms) = postSolution
		{DE90D7FC-65E7-4A59-8634-7C7FCBAC39D2}.Debug|Any CPU.ActiveCfg = Debug|Any CPU
		{DE90D7FC-65E7-4A59-8634-7C7FCBAC39D2}.Debug|Any CPU.Build.0 = Debug|Any CPU
		{DE90D7FC-65E7-4A59-8634-7C7FCBAC39D2}.Release|Any CPU.ActiveCfg = Release|Any CPU
		{DE90D7FC-65E7-4A59-8634-7C7FCBAC39D2}.Release|Any CPU.Build.0 = Release|Any CPU
		{621C496D-EAB2-49A0-B655-A21516787485}.Debug|Any CPU.ActiveCfg = Debug|Any CPU
		{621C496D-EAB2-49A0-B655-A21516787485}.Debug|Any CPU.Build.0 = Debug|Any CPU
		{621C496D-EAB2-49A0-B655-A21516787485}.Release|Any CPU.ActiveCfg = Release|Any CPU
		{621C496D-EAB2-49A0-B655-A21516787485}.Release|Any CPU.Build.0 = Release|Any CPU
		{C3E885F8-F7CE-4357-B908-63E880AA8853}.Debug|Any CPU.ActiveCfg = Debug|Any CPU
		{C3E885F8-F7CE-4357-B908-63E880AA8853}.Debug|Any CPU.Build.0 = Debug|Any CPU
		{C3E885F8-F7CE-4357-B908-63E880AA8853}.Release|Any CPU.ActiveCfg = Release|Any CPU
		{C3E885F8-F7CE-4357-B908-63E880AA8853}.Release|Any CPU.Build.0 = Release|Any CPU
		{E765D73A-AC0A-493B-96ED-BBEBE08A3940}.Debug|Any CPU.ActiveCfg = Debug|Any CPU
		{E765D73A-AC0A-493B-96ED-BBEBE08A3940}.Debug|Any CPU.Build.0 = Debug|Any CPU
		{E765D73A-AC0A-493B-96ED-BBEBE08A3940}.Release|Any CPU.ActiveCfg = Release|Any CPU
		{E765D73A-AC0A-493B-96ED-BBEBE08A3940}.Release|Any CPU.Build.0 = Release|Any CPU
	EndGlobalSection
	GlobalSection(SolutionProperties) = preSolution
		HideSolutionNode = FALSE
	EndGlobalSection
	GlobalSection(ExtensibilityGlobals) = postSolution
		SolutionGuid = {9FC3FF51-D108-4F78-8EA1-D26FA3F551AE}
	EndGlobalSection
EndGlobal
